
Microsoft Visual Studio Solution File, Format Version 12.00
# Visual Studio 15
Project("{FAE04EC0-301F-11D3-BF4B-00C04F79EFBC}") = "Assembly-CSharp", "Assembly-CSharp.csproj", "{270EA807-3FA5-0856-71C3-A40CDA6B886C}"
EndProject
Project("{FAE04EC0-301F-11D3-BF4B-00C04F79EFBC}") = "Assembly-CSharp-firstpass", "Assembly-CSharp-firstpass.csproj", "{CF1748A4-C207-C658-B75D-05777CEFB216}"
EndProject
Project("{FAE04EC0-301F-11D3-BF4B-00C04F79EFBC}") = "Assembly-CSharp-Editor", "Assembly-CSharp-Editor.csproj", "{B7308FF2-904C-7952-2816-C6BBF3E799BE}"
EndProject
Global
	GlobalSection(SolutionConfigurationPlatforms) = preSolution
		Debug|Any CPU = Debug|Any CPU
		Release|Any CPU = Release|Any CPU
	EndGlobalSection
	GlobalSection(ProjectConfigurationPlatforms) = postSolution
		{270EA807-3FA5-0856-71C3-A40CDA6B886C}.Debug|Any CPU.ActiveCfg = Debug|Any CPU
		{270EA807-3FA5-0856-71C3-A40CDA6B886C}.Debug|Any CPU.Build.0 = Debug|Any CPU
		{270EA807-3FA5-0856-71C3-A40CDA6B886C}.Release|Any CPU.ActiveCfg = Release|Any CPU
		{270EA807-3FA5-0856-71C3-A40CDA6B886C}.Release|Any CPU.Build.0 = Release|Any CPU
		{CF1748A4-C207-C658-B75D-05777CEFB216}.Debug|Any CPU.ActiveCfg = Debug|Any CPU
		{CF1748A4-C207-C658-B75D-05777CEFB216}.Debug|Any CPU.Build.0 = Debug|Any CPU
		{CF1748A4-C207-C658-B75D-05777CEFB216}.Release|Any CPU.ActiveCfg = Release|Any CPU
		{CF1748A4-C207-C658-B75D-05777CEFB216}.Release|Any CPU.Build.0 = Release|Any CPU
		{B7308FF2-904C-7952-2816-C6BBF3E799BE}.Debug|Any CPU.ActiveCfg = Debug|Any CPU
		{B7308FF2-904C-7952-2816-C6BBF3E799BE}.Debug|Any CPU.Build.0 = Debug|Any CPU
		{B7308FF2-904C-7952-2816-C6BBF3E799BE}.Release|Any CPU.ActiveCfg = Release|Any CPU
		{B7308FF2-904C-7952-2816-C6BBF3E799BE}.Release|Any CPU.Build.0 = Release|Any CPU
	EndGlobalSection
	GlobalSection(SolutionProperties) = preSolution
		HideSolutionNode = FALSE
	EndGlobalSection
EndGlobal
